
Microsoft Visual Studio Solution File, Format Version 12.00
# Visual Studio Version 17
VisualStudioVersion = 17.14.36603.0 d17.14
MinimumVisualStudioVersion = 10.0.40219.1
Project("{FAE04EC0-301F-11D3-BF4B-00C04F79EFBC}") = "SimpleQuestionAnsweringSystem", "SimpleQuestionAnsweringSystem\SimpleQuestionAnsweringSystem.csproj", "{F22A0190-E382-4F04-BCD4-2F4B73333115}"
EndProject
Global
	GlobalSection(SolutionConfigurationPlatforms) = preSolution
		Debug|Any CPU = Debug|Any CPU
		Release|Any CPU = Release|Any CPU
	EndGlobalSection
	GlobalSection(ProjectConfigurationPlatforms) = postSolution
		{F22A0190-E382-4F04-BCD4-2F4B73333115}.Debug|Any CPU.ActiveCfg = Debug|Any CPU
		{F22A0190-E382-4F04-BCD4-2F4B73333115}.Debug|Any CPU.Build.0 = Debug|Any CPU
		{F22A0190-E382-4F04-BCD4-2F4B73333115}.Release|Any CPU.ActiveCfg = Release|Any CPU
		{F22A0190-E382-4F04-BCD4-2F4B73333115}.Release|Any CPU.Build.0 = Release|Any CPU
	EndGlobalSection
	GlobalSection(SolutionProperties) = preSolution
		HideSolutionNode = FALSE
	EndGlobalSection
	GlobalSection(ExtensibilityGlobals) = postSolution
		SolutionGuid = {6369552E-80F5-4792-B35C-D66F9F86AFCF}
	EndGlobalSection
EndGlobal
